
Microsoft Visual Studio Solution File, Format Version 12.00
# Visual Studio Version 17
VisualStudioVersion = 17.7.34221.43
MinimumVisualStudioVersion = 10.0.40219.1
Project("{FAE04EC0-301F-11D3-BF4B-00C04F79EFBC}") = "Covariance and Contravariance code", "Covariance and Contravariance code.csproj", "{9712C8C3-E0D6-4FA0-AA4A-863AC9444CA4}"
EndProject
Global
	GlobalSection(SolutionConfigurationPlatforms) = preSolution
		Debug|Any CPU = Debug|Any CPU
		Release|Any CPU = Release|Any CPU
	EndGlobalSection
	GlobalSection(ProjectConfigurationPlatforms) = postSolution
		{9712C8C3-E0D6-4FA0-AA4A-863AC9444CA4}.Debug|Any CPU.ActiveCfg = Debug|Any CPU
		{9712C8C3-E0D6-4FA0-AA4A-863AC9444CA4}.Debug|Any CPU.Build.0 = Debug|Any CPU
		{9712C8C3-E0D6-4FA0-AA4A-863AC9444CA4}.Release|Any CPU.ActiveCfg = Release|Any CPU
		{9712C8C3-E0D6-4FA0-AA4A-863AC9444CA4}.Release|Any CPU.Build.0 = Release|Any CPU
	EndGlobalSection
	GlobalSection(SolutionProperties) = preSolution
		HideSolutionNode = FALSE
	EndGlobalSection
	GlobalSection(ExtensibilityGlobals) = postSolution
		SolutionGuid = {C7BE1406-6B4B-43ED-B5A8-ED425E122C83}
	EndGlobalSection
EndGlobal
